
Microsoft Visual Studio Solution File, Format Version 12.00
# Visual Studio Version 16
VisualStudioVersion = 16.0.29306.81
MinimumVisualStudioVersion = 10.0.40219.1
Project("{FAE04EC0-301F-11D3-BF4B-00C04F79EFBC}") = "WebServiceValdanio", "WebServiceValdanio\WebServiceValdanio.csproj", "{B1EF6460-49CC-4794-86D4-1FCBE1263B9B}"
EndProject
Global
	GlobalSection(SolutionConfigurationPlatforms) = preSolution
		Debug|Any CPU = Debug|Any CPU
		Release|Any CPU = Release|Any CPU
	EndGlobalSection
	GlobalSection(ProjectConfigurationPlatforms) = postSolution
		{B1EF6460-49CC-4794-86D4-1FCBE1263B9B}.Debug|Any CPU.ActiveCfg = Debug|Any CPU
		{B1EF6460-49CC-4794-86D4-1FCBE1263B9B}.Debug|Any CPU.Build.0 = Debug|Any CPU
		{B1EF6460-49CC-4794-86D4-1FCBE1263B9B}.Release|Any CPU.ActiveCfg = Release|Any CPU
		{B1EF6460-49CC-4794-86D4-1FCBE1263B9B}.Release|Any CPU.Build.0 = Release|Any CPU
	EndGlobalSection
	GlobalSection(SolutionProperties) = preSolution
		HideSolutionNode = FALSE
	EndGlobalSection
	GlobalSection(ExtensibilityGlobals) = postSolution
		SolutionGuid = {F1305843-9614-4219-8981-B117EEAE2024}
	EndGlobalSection
EndGlobal
